
Microsoft Visual Studio Solution File, Format Version 12.00
# Visual Studio Version 17
VisualStudioVersion = 17.14.36203.30 d17.14
MinimumVisualStudioVersion = 10.0.40219.1
Project("{FAE04EC0-301F-11D3-BF4B-00C04F79EFBC}") = "BudgetMate", "BudgetMate\BudgetMate.csproj", "{9E405854-99A0-4A3C-8FA9-2D5372AE2C09}"
EndProject
Global
	GlobalSection(SolutionConfigurationPlatforms) = preSolution
		Debug|Any CPU = Debug|Any CPU
		Release|Any CPU = Release|Any CPU
	EndGlobalSection
	GlobalSection(ProjectConfigurationPlatforms) = postSolution
		{9E405854-99A0-4A3C-8FA9-2D5372AE2C09}.Debug|Any CPU.ActiveCfg = Debug|Any CPU
		{9E405854-99A0-4A3C-8FA9-2D5372AE2C09}.Debug|Any CPU.Build.0 = Debug|Any CPU
		{9E405854-99A0-4A3C-8FA9-2D5372AE2C09}.Release|Any CPU.ActiveCfg = Release|Any CPU
		{9E405854-99A0-4A3C-8FA9-2D5372AE2C09}.Release|Any CPU.Build.0 = Release|Any CPU
	EndGlobalSection
	GlobalSection(SolutionProperties) = preSolution
		HideSolutionNode = FALSE
	EndGlobalSection
	GlobalSection(ExtensibilityGlobals) = postSolution
		SolutionGuid = {E263A66E-55DD-4F08-8BDC-07BE04462B1E}
	EndGlobalSection
EndGlobal
